
Microsoft Visual Studio Solution File, Format Version 12.00
# Visual Studio Version 17
VisualStudioVersion = 17.0.32014.148
MinimumVisualStudioVersion = 10.0.40219.1
Project("{FAE04EC0-301F-11D3-BF4B-00C04F79EFBC}") = "AtividadeTI91", "AtividadeTI91\AtividadeTI91.csproj", "{932DDE81-D3BD-4B7F-86A1-8346939F957C}"
EndProject
Global
	GlobalSection(SolutionConfigurationPlatforms) = preSolution
		Debug|Any CPU = Debug|Any CPU
		Release|Any CPU = Release|Any CPU
	EndGlobalSection
	GlobalSection(ProjectConfigurationPlatforms) = postSolution
		{932DDE81-D3BD-4B7F-86A1-8346939F957C}.Debug|Any CPU.ActiveCfg = Debug|Any CPU
		{932DDE81-D3BD-4B7F-86A1-8346939F957C}.Debug|Any CPU.Build.0 = Debug|Any CPU
		{932DDE81-D3BD-4B7F-86A1-8346939F957C}.Release|Any CPU.ActiveCfg = Release|Any CPU
		{932DDE81-D3BD-4B7F-86A1-8346939F957C}.Release|Any CPU.Build.0 = Release|Any CPU
	EndGlobalSection
	GlobalSection(SolutionProperties) = preSolution
		HideSolutionNode = FALSE
	EndGlobalSection
	GlobalSection(ExtensibilityGlobals) = postSolution
		SolutionGuid = {A2A31277-7F60-48CF-B144-1F1C8831A782}
	EndGlobalSection
EndGlobal
